{
  "name": "node-red-contrib-ui-heatmap",
  "version": "2.2.1",
  "lockfileVersion": 1,
  "requires": true,
  "dependencies": {
    "node-red-contrib-ui-heatmap": {
      "version": "2.2.1",
      "resolved": "https://registry.npmjs.org/node-red-contrib-ui-heatmap/-/node-red-contrib-ui-heatmap-2.2.1.tgz",
      "integrity": "sha512-stEJystbWq0rULAD4oyAU5V0xGvcZyf0xlQeHozDXAZPvh3bmEEBF+9DxwU8E8n3PatmCdq7Ob7IHUoG38U19A=="
    }
  }
}
